
Microsoft Visual Studio Solution File, Format Version 12.00
# Visual Studio Version 17
VisualStudioVersion = 17.3.32901.215
MinimumVisualStudioVersion = 10.0.40219.1
Project("{FAE04EC0-301F-11D3-BF4B-00C04F79EFBC}") = "betapet-bot-caller", "betapet-bot-caller\betapet-bot-caller.csproj", "{F33621DA-F04A-49FA-9B43-2F85691DA866}"
EndProject
Global
	GlobalSection(SolutionConfigurationPlatforms) = preSolution
		Debug|Any CPU = Debug|Any CPU
		Release|Any CPU = Release|Any CPU
	EndGlobalSection
	GlobalSection(ProjectConfigurationPlatforms) = postSolution
		{F33621DA-F04A-49FA-9B43-2F85691DA866}.Debug|Any CPU.ActiveCfg = Debug|Any CPU
		{F33621DA-F04A-49FA-9B43-2F85691DA866}.Debug|Any CPU.Build.0 = Debug|Any CPU
		{F33621DA-F04A-49FA-9B43-2F85691DA866}.Release|Any CPU.ActiveCfg = Release|Any CPU
		{F33621DA-F04A-49FA-9B43-2F85691DA866}.Release|Any CPU.Build.0 = Release|Any CPU
	EndGlobalSection
	GlobalSection(SolutionProperties) = preSolution
		HideSolutionNode = FALSE
	EndGlobalSection
	GlobalSection(ExtensibilityGlobals) = postSolution
		SolutionGuid = {2D0FAC52-7CA9-4547-A51F-9529DB702E12}
	EndGlobalSection
EndGlobal
